# This file is autogenerated, do not edit; changes may be undone by the next 'dep ensure'.


[[projects]]
  branch = "master"
  digest = "1:caf5b6526ab478df1debb4048cc99489d3954975457c4ba63441f489c9053ea2"
  name = "github.com/bitrise-io/go-steputils"
  packages = ["stepconf"]
  pruneopts = "UT"
  revision = "03ae3a6ded35c5e8aed0058ec270e3494d242d17"

[[projects]]
  branch = "master"
  digest = "1:1617e77c1ebd721bcd145874f934c59844de30f36568a38f1edd190e76a8205c"
  name = "github.com/bitrise-io/go-utils"
  packages = [
    "colorstring",
    "command",
    "errorutil",
    "fileutil",
    "log",
    "parseutil",
    "pathutil",
    "pkcs12",
    "pkcs12/internal/rc2",
    "pointers",
    "sliceutil",
    "ziputil",
  ]
  pruneopts = "UT"
  revision = "6cc2aa4d248adef509996ac484bffd38856ddf80"

[[projects]]
  branch = "master"
  digest = "1:7c6146c3c3abe7b2393f352edb9efefb695e0d61f7666edf0f8af2ddf70dfa3f"
  name = "github.com/bitrise-io/go-xcode"
  packages = [
    "certificateutil",
    "export",
    "exportoptions",
    "models",
    "plistutil",
    "profileutil",
    "utility",
    "xcarchive",
    "xcodebuild",
  ]
  pruneopts = "UT"
  revision = "7d05f87f6e9c9004759304ae8c3f3c90ea9c3bd4"

[[projects]]
  branch = "master"
  digest = "1:7eec4a847cfa305fbcf33fba28a2c76951f38727cfc972adf23941d421167e49"
  name = "github.com/bitrise-io/xcode-project"
  packages = [
    ".",
    "pretty",
    "serialized",
    "xcodebuild",
    "xcodeproj",
    "xcscheme",
    "xcworkspace",
  ]
  pruneopts = "UT"
  revision = "7ad13a1dd0215b60eb4e930244d3e42049c37848"

[[projects]]
  branch = "master"
  digest = "1:a0c6a86e555785fe37c215fcb506021b2b4fb47d2e2acd1fccfe7e5e2ac4befa"
  name = "github.com/bitrise-steplib/steps-xcode-archive"
  packages = ["utils"]
  pruneopts = "UT"
  revision = "1ecab8b5c0673cd32e31ea29843a579fbb7d2131"

[[projects]]
  branch = "master"
  digest = "1:0bd05495dbd0567480e48eac9e6602d87875a8747b13c3c0fcb7c83c7c921776"
  name = "github.com/fullsailor/pkcs7"
  packages = ["."]
  pruneopts = "UT"
  revision = "d7302db945fa6ea264fb79d8e13e931ea514a602"

[[projects]]
  digest = "1:cf31692c14422fa27c83a05292eb5cbe0fb2775972e8f1f8446a71549bd8980b"
  name = "github.com/pkg/errors"
  packages = ["."]
  pruneopts = "UT"
  revision = "ba968bfe8b2f7e042a574c888954fccecfa385b4"
  version = "v0.8.1"

[[projects]]
  digest = "1:6baa565fe16f8657cf93469b2b8a6c61a277827734400d27e44d589547297279"
  name = "github.com/ryanuber/go-glob"
  packages = ["."]
  pruneopts = "UT"
  revision = "51a8f68e6c24dc43f1e371749c89a267de4ebc53"
  version = "v1.0.0"

[[projects]]
  digest = "1:666e3df74f0c4788cc92426b18e33d93b7b62a3d4e8253f7c4b2226132a0f8de"
  name = "golang.org/x/text"
  packages = [
    "internal/gen",
    "internal/triegen",
    "internal/ucd",
    "transform",
    "unicode/cldr",
    "unicode/norm",
  ]
  pruneopts = "UT"
  revision = "22f1617af38ed4cd65b3b96e02bab267e560155c"
  version = "v0.3.4"

[[projects]]
  branch = "master"
  digest = "1:812d0f78132bbf7731c247b2a3ea54710ecc8fd251a9e4898be9793f25dbdb1a"
  name = "howett.net/plist"
  packages = ["."]
  pruneopts = "UT"
  revision = "1454fab16a0642638feb0ae98c41f79eccb2a20a"

[solve-meta]
  analyzer-name = "dep"
  analyzer-version = 1
  input-imports = [
    "github.com/bitrise-io/go-steputils/stepconf",
    "github.com/bitrise-io/go-utils/command",
    "github.com/bitrise-io/go-utils/fileutil",
    "github.com/bitrise-io/go-utils/log",
    "github.com/bitrise-io/go-utils/pathutil",
    "github.com/bitrise-io/go-xcode/certificateutil",
    "github.com/bitrise-io/go-xcode/export",
    "github.com/bitrise-io/go-xcode/exportoptions",
    "github.com/bitrise-io/go-xcode/profileutil",
    "github.com/bitrise-io/go-xcode/utility",
    "github.com/bitrise-io/go-xcode/xcarchive",
    "github.com/bitrise-io/go-xcode/xcodebuild",
    "github.com/bitrise-steplib/steps-xcode-archive/utils",
    "howett.net/plist",
  ]
  solver-name = "gps-cdcl"
  solver-version = 1
